
Microsoft Visual Studio Solution File, Format Version 12.00
# Visual Studio 15
VisualStudioVersion = 15.0.28010.2026
MinimumVisualStudioVersion = 10.0.40219.1
Project("{FAE04EC0-301F-11D3-BF4B-00C04F79EFBC}") = "shoppingsite", "shoppingsite\shoppingsite.csproj", "{E1C4FF17-2F37-4914-B57B-6322442ECEE7}"
EndProject
Project("{FAE04EC0-301F-11D3-BF4B-00C04F79EFBC}") = "DalFile", "DalFile\DalFile.csproj", "{B319A6E9-3891-4261-B09C-5576F9643583}"
EndProject
Global
	GlobalSection(SolutionConfigurationPlatforms) = preSolution
		Debug|Any CPU = Debug|Any CPU
		Release|Any CPU = Release|Any CPU
	EndGlobalSection
	GlobalSection(ProjectConfigurationPlatforms) = postSolution
		{E1C4FF17-2F37-4914-B57B-6322442ECEE7}.Debug|Any CPU.ActiveCfg = Debug|Any CPU
		{E1C4FF17-2F37-4914-B57B-6322442ECEE7}.Debug|Any CPU.Build.0 = Debug|Any CPU
		{E1C4FF17-2F37-4914-B57B-6322442ECEE7}.Release|Any CPU.ActiveCfg = Release|Any CPU
		{E1C4FF17-2F37-4914-B57B-6322442ECEE7}.Release|Any CPU.Build.0 = Release|Any CPU
		{B319A6E9-3891-4261-B09C-5576F9643583}.Debug|Any CPU.ActiveCfg = Debug|Any CPU
		{B319A6E9-3891-4261-B09C-5576F9643583}.Debug|Any CPU.Build.0 = Debug|Any CPU
		{B319A6E9-3891-4261-B09C-5576F9643583}.Release|Any CPU.ActiveCfg = Release|Any CPU
		{B319A6E9-3891-4261-B09C-5576F9643583}.Release|Any CPU.Build.0 = Release|Any CPU
	EndGlobalSection
	GlobalSection(SolutionProperties) = preSolution
		HideSolutionNode = FALSE
	EndGlobalSection
	GlobalSection(ExtensibilityGlobals) = postSolution
		SolutionGuid = {51DDA821-8E87-4659-B8AF-3E9449A65AD2}
	EndGlobalSection
EndGlobal
